
Microsoft Visual Studio Solution File, Format Version 12.00
# Visual Studio Version 17
VisualStudioVersion = 17.6.33723.286
MinimumVisualStudioVersion = 10.0.40219.1
Project("{2150E333-8FDC-42A3-9474-1A3956D46DE8}") = "Services", "Services", "{70B6780F-F522-45D1-B32B-BBAB108C24D6}"
EndProject
Project("{2150E333-8FDC-42A3-9474-1A3956D46DE8}") = "Catalog", "Catalog", "{14614D87-D383-4E1B-977E-E85A63AAC945}"
EndProject
Project("{9A19103F-16F7-4668-BE54-9A1E7A4F7556}") = "Catalog.API", "Services\Catalog\Catalog.API\Catalog.API.csproj", "{AC5B3281-9D53-4E1A-BCCF-BE11F96EB876}"
EndProject
Project("{E53339B2-1760-4266-BCC7-CA923CBCF16C}") = "docker-compose", "docker-compose.dcproj", "{12B220FD-4BFC-47D7-8EA4-9CE1C92DAFE0}"
EndProject
Project("{2150E333-8FDC-42A3-9474-1A3956D46DE8}") = "Basket", "Basket", "{3C9C81C5-6439-4D83-B8B9-A19373130627}"
EndProject
Project("{FAE04EC0-301F-11D3-BF4B-00C04F79EFBC}") = "Basket.API", "Services\Basket\Basket.API\Basket.API.csproj", "{1B85C47E-8356-4521-9640-D77D87D5CAAD}"
EndProject
Global
	GlobalSection(SolutionConfigurationPlatforms) = preSolution
		Debug|Any CPU = Debug|Any CPU
		Release|Any CPU = Release|Any CPU
	EndGlobalSection
	GlobalSection(ProjectConfigurationPlatforms) = postSolution
		{AC5B3281-9D53-4E1A-BCCF-BE11F96EB876}.Debug|Any CPU.ActiveCfg = Debug|Any CPU
		{AC5B3281-9D53-4E1A-BCCF-BE11F96EB876}.Debug|Any CPU.Build.0 = Debug|Any CPU
		{AC5B3281-9D53-4E1A-BCCF-BE11F96EB876}.Release|Any CPU.ActiveCfg = Release|Any CPU
		{AC5B3281-9D53-4E1A-BCCF-BE11F96EB876}.Release|Any CPU.Build.0 = Release|Any CPU
		{12B220FD-4BFC-47D7-8EA4-9CE1C92DAFE0}.Debug|Any CPU.ActiveCfg = Debug|Any CPU
		{12B220FD-4BFC-47D7-8EA4-9CE1C92DAFE0}.Debug|Any CPU.Build.0 = Debug|Any CPU
		{12B220FD-4BFC-47D7-8EA4-9CE1C92DAFE0}.Release|Any CPU.ActiveCfg = Release|Any CPU
		{12B220FD-4BFC-47D7-8EA4-9CE1C92DAFE0}.Release|Any CPU.Build.0 = Release|Any CPU
		{1B85C47E-8356-4521-9640-D77D87D5CAAD}.Debug|Any CPU.ActiveCfg = Debug|Any CPU
		{1B85C47E-8356-4521-9640-D77D87D5CAAD}.Debug|Any CPU.Build.0 = Debug|Any CPU
		{1B85C47E-8356-4521-9640-D77D87D5CAAD}.Release|Any CPU.ActiveCfg = Release|Any CPU
		{1B85C47E-8356-4521-9640-D77D87D5CAAD}.Release|Any CPU.Build.0 = Release|Any CPU
	EndGlobalSection
	GlobalSection(SolutionProperties) = preSolution
		HideSolutionNode = FALSE
	EndGlobalSection
	GlobalSection(NestedProjects) = preSolution
		{14614D87-D383-4E1B-977E-E85A63AAC945} = {70B6780F-F522-45D1-B32B-BBAB108C24D6}
		{AC5B3281-9D53-4E1A-BCCF-BE11F96EB876} = {14614D87-D383-4E1B-977E-E85A63AAC945}
		{3C9C81C5-6439-4D83-B8B9-A19373130627} = {70B6780F-F522-45D1-B32B-BBAB108C24D6}
		{1B85C47E-8356-4521-9640-D77D87D5CAAD} = {3C9C81C5-6439-4D83-B8B9-A19373130627}
	EndGlobalSection
	GlobalSection(ExtensibilityGlobals) = postSolution
		SolutionGuid = {C7F55EA7-AC3C-4C61-A7C8-ED352E7078AD}
	EndGlobalSection
EndGlobal
